// !$*UTF8*$!
{
	archiveVersion = 1;
	classes = {
	};
	objectVersion = 50;
	objects = {

/* Begin PBXBuildFile section */
		2F0776AB239BE80A00221C46 /* AppDelegate.swift in Sources */ = {isa = PBXBuildFile; fileRef = 2F0776AA239BE80A00221C46 /* AppDelegate.swift */; };
		2F0776AD239BE80A00221C46 /* SceneDelegate.swift in Sources */ = {isa = PBXBuildFile; fileRef = 2F0776AC239BE80A00221C46 /* SceneDelegate.swift */; };
		2F0776AF239BE80A00221C46 /* ViewController.swift in Sources */ = {isa = PBXBuildFile; fileRef = 2F0776AE239BE80A00221C46 /* ViewController.swift */; };
		2F0776B2239BE80A00221C46 /* Main.storyboard in Resources */ = {isa = PBXBuildFile; fileRef = 2F0776B0239BE80A00221C46 /* Main.storyboard */; };
		2F0776B4239BE80F00221C46 /* Assets.xcassets in Resources */ = {isa = PBXBuildFile; fileRef = 2F0776B3239BE80F00221C46 /* Assets.xcassets */; };
		2F0776B7239BE80F00221C46 /* LaunchScreen.storyboard in Resources */ = {isa = PBXBuildFile; fileRef = 2F0776B5239BE80F00221C46 /* LaunchScreen.storyboard */; };
		2F0776BF239BF94300221C46 /* DataBaseHelper.swift in Sources */ = {isa = PBXBuildFile; fileRef = 2F0776BE239BF94300221C46 /* DataBaseHelper.swift */; };
		2F0776E5239BFA2100221C46 /* DataModel.xcdatamodeld in Sources */ = {isa = PBXBuildFile; fileRef = 2F0776E3239BFA2100221C46 /* DataModel.xcdatamodeld */; };
/* End PBXBuildFile section */

/* Begin PBXFileReference section */
		2F0776A7239BE80A00221C46 /* Saving Image in Core Data.app */ = {isa = PBXFileReference; explicitFileType = wrapper.application; includeInIndex = 0; path = "Saving Image in Core Data.app"; sourceTree = BUILT_PRODUCTS_DIR; };
		2F0776AA239BE80A00221C46 /* AppDelegate.swift */ = {isa = PBXFileReference; lastKnownFileType = sourcecode.swift; path = AppDelegate.swift; sourceTree = "<group>"; };
		2F0776AC239BE80A00221C46 /* SceneDelegate.swift */ = {isa = PBXFileReference; lastKnownFileType = sourcecode.swift; path = SceneDelegate.swift; sourceTree = "<group>"; };
		2F0776AE239BE80A00221C46 /* ViewController.swift */ = {isa = PBXFileReference; lastKnownFileType = sourcecode.swift; path = ViewController.swift; sourceTree = "<group>"; };
		2F0776B1239BE80A00221C46 /* Base */ = {isa = PBXFileReference; lastKnownFileType = file.storyboard; name = Base; path = Base.lproj/Main.storyboard; sourceTree = "<group>"; };
		2F0776B3239BE80F00221C46 /* Assets.xcassets */ = {isa = PBXFileReference; lastKnownFileType = folder.assetcatalog; path = Assets.xcassets; sourceTree = "<group>"; };
		2F0776B6239BE80F00221C46 /* Base */ = {isa = PBXFileReference; lastKnownFileType = file.storyboard; name = Base; path = Base.lproj/LaunchScreen.storyboard; sourceTree = "<group>"; };
		2F0776B8239BE80F00221C46 /* Info.plist */ = {isa = PBXFileReference; lastKnownFileType = text.plist.xml; path = Info.plist; sourceTree = "<group>"; };
		2F0776BE239BF94300221C46 /* DataBaseHelper.swift */ = {isa = PBXFileReference; lastKnownFileType = sourcecode.swift; path = DataBaseHelper.swift; sourceTree = "<group>"; };
		2F0776E4239BFA2100221C46 /* DataModel.xcdatamodel */ = {isa = PBXFileReference; lastKnownFileType = wrapper.xcdatamodel; path = DataModel.xcdatamodel; sourceTree = "<group>"; };
/* End PBXFileReference section */

/* Begin PBXFrameworksBuildPhase section */
		2F0776A4239BE80A00221C46 /* Frameworks */ = {
			isa = PBXFrameworksBuildPhase;
			buildActionMask = 2147483647;
			files = (
			);
			runOnlyForDeploymentPostprocessing = 0;
		};
/* End PBXFrameworksBuildPhase section */

/* Begin PBXGroup section */
		2F07769E239BE80A00221C46 = {
			isa = PBXGroup;
			children = (
				2F0776A9239BE80A00221C46 /* Saving Image in Core Data */,
				2F0776A8239BE80A00221C46 /* Products */,
			);
			sourceTree = "<group>";
		};
		2F0776A8239BE80A00221C46 /* Products */ = {
			isa = PBXGroup;
			children = (
				2F0776A7239BE80A00221C46 /* Saving Image in Core Data.app */,
			);
			name = Products;
			sourceTree = "<group>";
		};
		2F0776A9239BE80A00221C46 /* Saving Image in Core Data */ = {
			isa = PBXGroup;
			children = (
				2F0776AA239BE80A00221C46 /* AppDelegate.swift */,
				2F0776AC239BE80A00221C46 /* SceneDelegate.swift */,
				2F0776AE239BE80A00221C46 /* ViewController.swift */,
				2F0776BE239BF94300221C46 /* DataBaseHelper.swift */,
				2F0776E3239BFA2100221C46 /* DataModel.xcdatamodeld */,
				2F0776B0239BE80A00221C46 /* Main.storyboard */,
				2F0776B3239BE80F00221C46 /* Assets.xcassets */,
				2F0776B5239BE80F00221C46 /* LaunchScreen.storyboard */,
				2F0776B8239BE80F00221C46 /* Info.plist */,
			);
			path = "Saving Image in Core Data";
			sourceTree = "<group>";
		};
/* End PBXGroup section */

/* Begin PBXNativeTarget section */
		2F0776A6239BE80A00221C46 /* Saving Image in Core Data */ = {
			isa = PBXNativeTarget;
			buildConfigurationList = 2F0776BB239BE80F00221C46 /* Build configuration list for PBXNativeTarget "Saving Image in Core Data" */;
			buildPhases = (
				2F0776A3239BE80A00221C46 /* Sources */,
				2F0776A4239BE80A00221C46 /* Frameworks */,
				2F0776A5239BE80A00221C46 /* Resources */,
			);
			buildRules = (
			);
			dependencies = (
			);
			name = "Saving Image in Core Data";
			productName = "Saving Image in Core Data";
			productReference = 2F0776A7239BE80A00221C46 /* Saving Image in Core Data.app */;
			productType = "com.apple.product-type.application";
		};
/* End PBXNativeTarget section */

/* Begin PBXProject section */
		2F07769F239BE80A00221C46 /* Project object */ = {
			isa = PBXProject;
			attributes = {
				LastSwiftUpdateCheck = 1120;
				LastUpgradeCheck = 1120;
				ORGANIZATIONNAME = "Amit Rai";
				TargetAttributes = {
					2F0776A6239BE80A00221C46 = {
						CreatedOnToolsVersion = 11.2;
					};
				};
			};
			buildConfigurationList = 2F0776A2239BE80A00221C46 /* Build configuration list for PBXProject "Saving Image in Core Data" */;
			compatibilityVersion = "Xcode 9.3";
			developmentRegion = en;
			hasScannedForEncodings = 0;
			knownRegions = (
				en,
				Base,
			);
			mainGroup = 2F07769E239BE80A00221C46;
			productRefGroup = 2F0776A8239BE80A00221C46 /* Products */;
			projectDirPath = "";
			projectRoot = "";
			targets = (
				2F0776A6239BE80A00221C46 /* Saving Image in Core Data */,
			);
		};
/* End PBXProject section */

/* Begin PBXResourcesBuildPhase section */
		2F0776A5239BE80A00221C46 /* Resources */ = {
			isa = PBXResourcesBuildPhase;
			buildActionMask = 2147483647;
			files = (
				2F0776B7239BE80F00221C46 /* LaunchScreen.storyboard in Resources */,
				2F0776B4239BE80F00221C46 /* Assets.xcassets in Resources */,
				2F0776B2239BE80A00221C46 /* Main.storyboard in Resources */,
			);
			runOnlyForDeploymentPostprocessing = 0;
		};
/* End PBXResourcesBuildPhase section */

/* Begin PBXSourcesBuildPhase section */
		2F0776A3239BE80A00221C46 /* Sources */ = {
			isa = PBXSourcesBuildPhase;
			buildActionMask = 2147483647;
			files = (
				2F0776BF239BF94300221C46 /* DataBaseHelper.swift in Sources */,
				2F0776E5239BFA2100221C46 /* DataModel.xcdatamodeld in Sources */,
				2F0776AF239BE80A00221C46 /* ViewController.swift in Sources */,
				2F0776AB239BE80A00221C46 /* AppDelegate.swift in Sources */,
				2F0776AD239BE80A00221C46 /* SceneDelegate.swift in Sources */,
			);
			runOnlyForDeploymentPostprocessing = 0;
		};
/* End PBXSourcesBuildPhase section */

/* Begin PBXVariantGroup section */
		2F0776B0239BE80A00221C46 /* Main.storyboard */ = {
			isa = PBXVariantGroup;
			children = (
				2F0776B1239BE80A00221C46 /* Base */,
			);
			name = Main.storyboard;
			sourceTree = "<group>";
		};
		2F0776B5239BE80F00221C46 /* LaunchScreen.storyboard */ = {
			isa = PBXVariantGroup;
			children = (
				2F0776B6239BE80F00221C46 /* Base */,
			);
			name = LaunchScreen.storyboard;
			sourceTree = "<group>";
		};
/* End PBXVariantGroup section */

/* Begin XCBuildConfiguration section */
		2F0776B9239BE80F00221C46 /* Debug */ = {
			isa = XCBuildConfiguration;
			buildSettings = {
				ALWAYS_SEARCH_USER_PATHS = NO;
				CLANG_ANALYZER_NONNULL = YES;
				CLANG_ANALYZER_NUMBER_OBJECT_CONVERSION = YES_AGGRESSIVE;
				CLANG_CXX_LANGUAGE_STANDARD = "gnu++14";
				CLANG_CXX_LIBRARY = "libc++";
				CLANG_ENABLE_MODULES = YES;
				CLANG_ENABLE_OBJC_ARC = YES;
				CLANG_ENABLE_OBJC_WEAK = YES;
				CLANG_WARN_BLOCK_CAPTURE_AUTORELEASING = YES;
				CLANG_WARN_BOOL_CONVERSION = YES;
				CLANG_WARN_COMMA = YES;
				CLANG_WARN_CONSTANT_CONVERSION = YES;
				CLANG_WARN_DEPRECATED_OBJC_IMPLEMENTATIONS = YES;
				CLANG_WARN_DIRECT_OBJC_ISA_USAGE = YES_ERROR;
				CLANG_WARN_DOCUMENTATION_COMMENTS = YES;
				CLANG_WARN_EMPTY_BODY = YES;
				CLANG_WARN_ENUM_CONVERSION = YES;
				CLANG_WARN_INFINITE_RECURSION = YES;
				CLANG_WARN_INT_CONVERSION = YES;
				CLANG_WARN_NON_LITERAL_NULL_CONVERSION = YES;
				CLANG_WARN_OBJC_IMPLICIT_RETAIN_SELF = YES;
				CLANG_WARN_OBJC_LITERAL_CONVERSION = YES;
				CLANG_WARN_OBJC_ROOT_CLASS = YES_ERROR;
				CLANG_WARN_RANGE_LOOP_ANALYSIS = YES;
				CLANG_WARN_STRICT_PROTOTYPES = YES;
				CLANG_WARN_SUSPICIOUS_MOVE = YES;
				CLANG_WARN_UNGUARDED_AVAILABILITY = YES_AGGRESSIVE;
				CLANG_WARN_UNREACHABLE_CODE = YES;
				CLANG_WARN__DUPLICATE_METHOD_MATCH = YES;
				COPY_PHASE_STRIP = NO;
				DEBUG_INFORMATION_FORMAT = dwarf;
				ENABLE_STRICT_OBJC_MSGSEND = YES;
				ENABLE_TESTABILITY = YES;
				GCC_C_LANGUAGE_STANDARD = gnu11;
				GCC_DYNAMIC_NO_PIC = NO;
				GCC_NO_COMMON_BLOCKS = YES;
				GCC_OPTIMIZATION_LEVEL = 0;
				GCC_PREPROCESSOR_DEFINITIONS = (
					"DEBUG=1",
					"$(inherited)",
				);
				GCC_WARN_64_TO_32_BIT_CONVERSION = YES;
				GCC_WARN_ABOUT_RETURN_TYPE = YES_ERROR;
				GCC_WARN_UNDECLARED_SELECTOR = YES;
				GCC_WARN_UNINITIALIZED_AUTOS = YES_AGGRESSIVE;
				GCC_WARN_UNUSED_FUNCTION = YES;
				GCC_WARN_UNUSED_VARIABLE = YES;
				IPHONEOS_DEPLOYMENT_TARGET = 13.2;
				MTL_ENABLE_DEBUG_INFO = INCLUDE_SOURCE;
				MTL_FAST_MATH = YES;
				ONLY_ACTIVE_ARCH = YES;
				SDKROOT = iphoneos;
				SWIFT_ACTIVE_COMPILATION_CONDITIONS = DEBUG;
				SWIFT_OPTIMIZATION_LEVEL = "-Onone";
			};
			name = Debug;
		};
		2F0776BA239BE80F00221C46 /* Release */ = {
			isa = XCBuildConfiguration;
			buildSettings = {
				ALWAYS_SEARCH_USER_PATHS = NO;
				CLANG_ANALYZER_NONNULL = YES;
				CLANG_ANALYZER_NUMBER_OBJECT_CONVERSION = YES_AGGRESSIVE;
				CLANG_CXX_LANGUAGE_STANDARD = "gnu++14";
				CLANG_CXX_LIBRARY = "libc++";
				CLANG_ENABLE_MODULES = YES;
				CLANG_ENABLE_OBJC_ARC = YES;
				CLANG_ENABLE_OBJC_WEAK = YES;
				CLANG_WARN_BLOCK_CAPTURE_AUTORELEASING = YES;
				CLANG_WARN_BOOL_CONVERSION = YES;
				CLANG_WARN_COMMA = YES;
				CLANG_WARN_CONSTANT_CONVERSION = YES;
				CLANG_WARN_DEPRECATED_OBJC_IMPLEMENTATIONS = YES;
				CLANG_WARN_DIRECT_OBJC_ISA_USAGE = YES_ERROR;
				CLANG_WARN_DOCUMENTATION_COMMENTS = YES;
				CLANG_WARN_EMPTY_BODY = YES;
				CLANG_WARN_ENUM_CONVERSION = YES;
				CLANG_WARN_INFINITE_RECURSION = YES;
				CLANG_WARN_INT_CONVERSION = YES;
				CLANG_WARN_NON_LITERAL_NULL_CONVERSION = YES;
				CLANG_WARN_OBJC_IMPLICIT_RETAIN_SELF = YES;
				CLANG_WARN_OBJC_LITERAL_CONVERSION = YES;
				CLANG_WARN_OBJC_ROOT_CLASS = YES_ERROR;
				CLANG_WARN_RANGE_LOOP_ANALYSIS = YES;
				CLANG_WARN_STRICT_PROTOTYPES = YES;
				CLANG_WARN_SUSPICIOUS_MOVE = YES;
				CLANG_WARN_UNGUARDED_AVAILABILITY = YES_AGGRESSIVE;
				CLANG_WARN_UNREACHABLE_CODE = YES;
				CLANG_WARN__DUPLICATE_METHOD_MATCH = YES;
				COPY_PHASE_STRIP = NO;
				DEBUG_INFORMATION_FORMAT = "dwarf-with-dsym";
				ENABLE_NS_ASSERTIONS = NO;
				ENABLE_STRICT_OBJC_MSGSEND = YES;
				GCC_C_LANGUAGE_STANDARD = gnu11;
				GCC_NO_COMMON_BLOCKS = YES;
				GCC_WARN_64_TO_32_BIT_CONVERSION = YES;
				GCC_WARN_ABOUT_RETURN_TYPE = YES_ERROR;
				GCC_WARN_UNDECLARED_SELECTOR = YES;
				GCC_WARN_UNINITIALIZED_AUTOS = YES_AGGRESSIVE;
				GCC_WARN_UNUSED_FUNCTION = YES;
				GCC_WARN_UNUSED_VARIABLE = YES;
				IPHONEOS_DEPLOYMENT_TARGET = 13.2;
				MTL_ENABLE_DEBUG_INFO = NO;
				MTL_FAST_MATH = YES;
				SDKROOT = iphoneos;
				SWIFT_COMPILATION_MODE = wholemodule;
				SWIFT_OPTIMIZATION_LEVEL = "-O";
				VALIDATE_PRODUCT = YES;
			};
			name = Release;
		};
		2F0776BC239BE80F00221C46 /* Debug */ = {
			isa = XCBuildConfiguration;
			buildSettings = {
				ASSETCATALOG_COMPILER_APPICON_NAME = AppIcon;
				CODE_SIGN_STYLE = Automatic;
				DEVELOPMENT_TEAM = "";
				INFOPLIST_FILE = "Saving Image in Core Data/Info.plist";
				LD_RUNPATH_SEARCH_PATHS = (
					"$(inherited)",
					"@executable_path/Frameworks",
				);
				PRODUCT_BUNDLE_IDENTIFIER = "AmitRai.Saving-Image-in-Core-Data";
				PRODUCT_NAME = "$(TARGET_NAME)";
				SWIFT_VERSION = 5.0;
				TARGETED_DEVICE_FAMILY = "1,2";
			};
			name = Debug;
		};
		2F0776BD239BE80F00221C46 /* Release */ = {
			isa = XCBuildConfiguration;
			buildSettings = {
				ASSETCATALOG_COMPILER_APPICON_NAME = AppIcon;
				CODE_SIGN_STYLE = Automatic;
				DEVELOPMENT_TEAM = "";
				INFOPLIST_FILE = "Saving Image in Core Data/Info.plist";
				LD_RUNPATH_SEARCH_PATHS = (
					"$(inherited)",
					"@executable_path/Frameworks",
				);
				PRODUCT_BUNDLE_IDENTIFIER = "AmitRai.Saving-Image-in-Core-Data";
				PRODUCT_NAME = "$(TARGET_NAME)";
				SWIFT_VERSION = 5.0;
				TARGETED_DEVICE_FAMILY = "1,2";
			};
			name = Release;
		};
/* End XCBuildConfiguration section */

/* Begin XCConfigurationList section */
		2F0776A2239BE80A00221C46 /* Build configuration list for PBXProject "Saving Image in Core Data" */ = {
			isa = XCConfigurationList;
			buildConfigurations = (
				2F0776B9239BE80F00221C46 /* Debug */,
				2F0776BA239BE80F00221C46 /* Release */,
			);
			defaultConfigurationIsVisible = 0;
			defaultConfigurationName = Release;
		};
		2F0776BB239BE80F00221C46 /* Build configuration list for PBXNativeTarget "Saving Image in Core Data" */ = {
			isa = XCConfigurationList;
			buildConfigurations = (
				2F0776BC239BE80F00221C46 /* Debug */,
				2F0776BD239BE80F00221C46 /* Release */,
			);
			defaultConfigurationIsVisible = 0;
			defaultConfigurationName = Release;
		};
/* End XCConfigurationList section */

/* Begin XCVersionGroup section */
		2F0776E3239BFA2100221C46 /* DataModel.xcdatamodeld */ = {
			isa = XCVersionGroup;
			children = (
				2F0776E4239BFA2100221C46 /* DataModel.xcdatamodel */,
			);
			currentVersion = 2F0776E4239BFA2100221C46 /* DataModel.xcdatamodel */;
			path = DataModel.xcdatamodeld;
			sourceTree = "<group>";
			versionGroupType = wrapper.xcdatamodel;
		};
/* End XCVersionGroup section */
	};
	rootObject = 2F07769F239BE80A00221C46 /* Project object */;
}
